
Microsoft Visual Studio Solution File, Format Version 12.00
# Visual Studio Version 16
VisualStudioVersion = 16.0.31205.134
MinimumVisualStudioVersion = 10.0.40219.1
Project("{FAE04EC0-301F-11D3-BF4B-00C04F79EFBC}") = "GrpcGreeterClient", "GrpcGreeterClient\GrpcGreeterClient.csproj", "{01350AF1-347E-46E3-A748-B066B1515FA2}"
EndProject
Project("{FAE04EC0-301F-11D3-BF4B-00C04F79EFBC}") = "GrpcGreeterClientAsServiceRef", "GrpcGreeterClientAsServiceRef\GrpcGreeterClientAsServiceRef.csproj", "{7A4F2EE3-5CBC-4F9B-8CE1-BCBC057809BE}"
EndProject
Global
	GlobalSection(SolutionConfigurationPlatforms) = preSolution
		Debug|Any CPU = Debug|Any CPU
		Release|Any CPU = Release|Any CPU
	EndGlobalSection
	GlobalSection(ProjectConfigurationPlatforms) = postSolution
		{01350AF1-347E-46E3-A748-B066B1515FA2}.Debug|Any CPU.ActiveCfg = Debug|Any CPU
		{01350AF1-347E-46E3-A748-B066B1515FA2}.Debug|Any CPU.Build.0 = Debug|Any CPU
		{01350AF1-347E-46E3-A748-B066B1515FA2}.Release|Any CPU.ActiveCfg = Release|Any CPU
		{01350AF1-347E-46E3-A748-B066B1515FA2}.Release|Any CPU.Build.0 = Release|Any CPU
		{7A4F2EE3-5CBC-4F9B-8CE1-BCBC057809BE}.Debug|Any CPU.ActiveCfg = Debug|Any CPU
		{7A4F2EE3-5CBC-4F9B-8CE1-BCBC057809BE}.Debug|Any CPU.Build.0 = Debug|Any CPU
		{7A4F2EE3-5CBC-4F9B-8CE1-BCBC057809BE}.Release|Any CPU.ActiveCfg = Release|Any CPU
		{7A4F2EE3-5CBC-4F9B-8CE1-BCBC057809BE}.Release|Any CPU.Build.0 = Release|Any CPU
	EndGlobalSection
	GlobalSection(SolutionProperties) = preSolution
		HideSolutionNode = FALSE
	EndGlobalSection
	GlobalSection(ExtensibilityGlobals) = postSolution
		SolutionGuid = {7F6E50B2-0805-4254-8687-93FE2C7F58DD}
	EndGlobalSection
EndGlobal
